
Microsoft Visual Studio Solution File, Format Version 12.00
# Visual Studio 15
VisualStudioVersion = 15.0.27130.2027
MinimumVisualStudioVersion = 10.0.40219.1
Project("{FAE04EC0-301F-11D3-BF4B-00C04F79EFBC}") = "GoaGaraget", "GoaGaraget\GoaGaraget.csproj", "{60174BEF-756D-41A9-87B6-C6278509203E}"
EndProject
Project("{FAE04EC0-301F-11D3-BF4B-00C04F79EFBC}") = "GoaGaraget.Tests", "GoaGaraget.Tests\GoaGaraget.Tests.csproj", "{1F717284-EEFF-47F5-B383-8F00A667A4A7}"
EndProject
Global
	GlobalSection(SolutionConfigurationPlatforms) = preSolution
		Debug|Any CPU = Debug|Any CPU
		Release|Any CPU = Release|Any CPU
	EndGlobalSection
	GlobalSection(ProjectConfigurationPlatforms) = postSolution
		{60174BEF-756D-41A9-87B6-C6278509203E}.Debug|Any CPU.ActiveCfg = Debug|Any CPU
		{60174BEF-756D-41A9-87B6-C6278509203E}.Debug|Any CPU.Build.0 = Debug|Any CPU
		{60174BEF-756D-41A9-87B6-C6278509203E}.Release|Any CPU.ActiveCfg = Release|Any CPU
		{60174BEF-756D-41A9-87B6-C6278509203E}.Release|Any CPU.Build.0 = Release|Any CPU
		{1F717284-EEFF-47F5-B383-8F00A667A4A7}.Debug|Any CPU.ActiveCfg = Debug|Any CPU
		{1F717284-EEFF-47F5-B383-8F00A667A4A7}.Debug|Any CPU.Build.0 = Debug|Any CPU
		{1F717284-EEFF-47F5-B383-8F00A667A4A7}.Release|Any CPU.ActiveCfg = Release|Any CPU
		{1F717284-EEFF-47F5-B383-8F00A667A4A7}.Release|Any CPU.Build.0 = Release|Any CPU
	EndGlobalSection
	GlobalSection(SolutionProperties) = preSolution
		HideSolutionNode = FALSE
	EndGlobalSection
	GlobalSection(ExtensibilityGlobals) = postSolution
		SolutionGuid = {CA28744E-85BF-4CF3-832E-8E1913C65EC6}
	EndGlobalSection
EndGlobal
